
Microsoft Visual Studio Solution File, Format Version 12.00
# Visual Studio Version 17
VisualStudioVersion = 17.4.33213.308
MinimumVisualStudioVersion = 10.0.40219.1
Project("{FAE04EC0-301F-11D3-BF4B-00C04F79EFBC}") = "AdactinApp", "AdactinApp\AdactinApp.csproj", "{91B095E2-D60F-437E-839E-3B04BFB4408E}"
EndProject
Global
	GlobalSection(SolutionConfigurationPlatforms) = preSolution
		Debug|Any CPU = Debug|Any CPU
		Release|Any CPU = Release|Any CPU
	EndGlobalSection
	GlobalSection(ProjectConfigurationPlatforms) = postSolution
		{91B095E2-D60F-437E-839E-3B04BFB4408E}.Debug|Any CPU.ActiveCfg = Debug|Any CPU
		{91B095E2-D60F-437E-839E-3B04BFB4408E}.Debug|Any CPU.Build.0 = Debug|Any CPU
		{91B095E2-D60F-437E-839E-3B04BFB4408E}.Release|Any CPU.ActiveCfg = Release|Any CPU
		{91B095E2-D60F-437E-839E-3B04BFB4408E}.Release|Any CPU.Build.0 = Release|Any CPU
	EndGlobalSection
	GlobalSection(SolutionProperties) = preSolution
		HideSolutionNode = FALSE
	EndGlobalSection
	GlobalSection(ExtensibilityGlobals) = postSolution
		SolutionGuid = {530E0339-CC22-474F-826B-C5EF47905339}
	EndGlobalSection
EndGlobal
